// !$*UTF8*$!
{
	archiveVersion = 1;
	classes = {
	};
	objectVersion = 50;
	objects = {

/* Begin PBXBuildFile section */
		7B0D3551246E6C1600E790DD /* AppDelegate.swift in Sources */ = {isa = PBXBuildFile; fileRef = 7B0D3550246E6C1600E790DD /* AppDelegate.swift */; };
		7B0D3555246E6C1600E790DD /* ViewController.swift in Sources */ = {isa = PBXBuildFile; fileRef = 7B0D3554246E6C1600E790DD /* ViewController.swift */; };
		7B0D3558246E6C1600E790DD /* Main.storyboard in Resources */ = {isa = PBXBuildFile; fileRef = 7B0D3556246E6C1600E790DD /* Main.storyboard */; };
		7B0D355A246E6C1A00E790DD /* Assets.xcassets in Resources */ = {isa = PBXBuildFile; fileRef = 7B0D3559246E6C1A00E790DD /* Assets.xcassets */; };
		7B0D355D246E6C1A00E790DD /* LaunchScreen.storyboard in Resources */ = {isa = PBXBuildFile; fileRef = 7B0D355B246E6C1A00E790DD /* LaunchScreen.storyboard */; };
		7B0D3568246E6C1A00E790DD /* DimanAppTests.swift in Sources */ = {isa = PBXBuildFile; fileRef = 7B0D3567246E6C1A00E790DD /* DimanAppTests.swift */; };
		7B0D3573246E713700E790DD /* bumer_dimon.mp3 in Resources */ = {isa = PBXBuildFile; fileRef = 7B0D3572246E713700E790DD /* bumer_dimon.mp3 */; };
/* End PBXBuildFile section */

/* Begin PBXContainerItemProxy section */
		7B0D3564246E6C1A00E790DD /* PBXContainerItemProxy */ = {
			isa = PBXContainerItemProxy;
			containerPortal = 7B0D3545246E6C1600E790DD /* Project object */;
			proxyType = 1;
			remoteGlobalIDString = 7B0D354C246E6C1600E790DD;
			remoteInfo = DimanApp;
		};
/* End PBXContainerItemProxy section */

/* Begin PBXFileReference section */
		7B0D354D246E6C1600E790DD /* DimanApp.app */ = {isa = PBXFileReference; explicitFileType = wrapper.application; includeInIndex = 0; path = DimanApp.app; sourceTree = BUILT_PRODUCTS_DIR; };
		7B0D3550246E6C1600E790DD /* AppDelegate.swift */ = {isa = PBXFileReference; lastKnownFileType = sourcecode.swift; path = AppDelegate.swift; sourceTree = "<group>"; };
		7B0D3554246E6C1600E790DD /* ViewController.swift */ = {isa = PBXFileReference; lastKnownFileType = sourcecode.swift; path = ViewController.swift; sourceTree = "<group>"; };
		7B0D3557246E6C1600E790DD /* Base */ = {isa = PBXFileReference; lastKnownFileType = file.storyboard; name = Base; path = Base.lproj/Main.storyboard; sourceTree = "<group>"; };
		7B0D3559246E6C1A00E790DD /* Assets.xcassets */ = {isa = PBXFileReference; lastKnownFileType = folder.assetcatalog; path = Assets.xcassets; sourceTree = "<group>"; };
		7B0D355C246E6C1A00E790DD /* Base */ = {isa = PBXFileReference; lastKnownFileType = file.storyboard; name = Base; path = Base.lproj/LaunchScreen.storyboard; sourceTree = "<group>"; };
		7B0D355E246E6C1A00E790DD /* Info.plist */ = {isa = PBXFileReference; lastKnownFileType = text.plist.xml; path = Info.plist; sourceTree = "<group>"; };
		7B0D3563246E6C1A00E790DD /* DimanAppTests.xctest */ = {isa = PBXFileReference; explicitFileType = wrapper.cfbundle; includeInIndex = 0; path = DimanAppTests.xctest; sourceTree = BUILT_PRODUCTS_DIR; };
		7B0D3567246E6C1A00E790DD /* DimanAppTests.swift */ = {isa = PBXFileReference; lastKnownFileType = sourcecode.swift; path = DimanAppTests.swift; sourceTree = "<group>"; };
		7B0D3569246E6C1A00E790DD /* Info.plist */ = {isa = PBXFileReference; lastKnownFileType = text.plist.xml; path = Info.plist; sourceTree = "<group>"; };
		7B0D3572246E713700E790DD /* bumer_dimon.mp3 */ = {isa = PBXFileReference; lastKnownFileType = audio.mp3; path = bumer_dimon.mp3; sourceTree = "<group>"; };
/* End PBXFileReference section */

/* Begin PBXFrameworksBuildPhase section */
		7B0D354A246E6C1600E790DD /* Frameworks */ = {
			isa = PBXFrameworksBuildPhase;
			buildActionMask = 2147483647;
			files = (
			);
			runOnlyForDeploymentPostprocessing = 0;
		};
		7B0D3560246E6C1A00E790DD /* Frameworks */ = {
			isa = PBXFrameworksBuildPhase;
			buildActionMask = 2147483647;
			files = (
			);
			runOnlyForDeploymentPostprocessing = 0;
		};
/* End PBXFrameworksBuildPhase section */

/* Begin PBXGroup section */
		7B0D3544246E6C1600E790DD = {
			isa = PBXGroup;
			children = (
				7B0D354F246E6C1600E790DD /* DimanApp */,
				7B0D3566246E6C1A00E790DD /* DimanAppTests */,
				7B0D354E246E6C1600E790DD /* Products */,
			);
			sourceTree = "<group>";
		};
		7B0D354E246E6C1600E790DD /* Products */ = {
			isa = PBXGroup;
			children = (
				7B0D354D246E6C1600E790DD /* DimanApp.app */,
				7B0D3563246E6C1A00E790DD /* DimanAppTests.xctest */,
			);
			name = Products;
			sourceTree = "<group>";
		};
		7B0D354F246E6C1600E790DD /* DimanApp */ = {
			isa = PBXGroup;
			children = (
				7B0D3572246E713700E790DD /* bumer_dimon.mp3 */,
				7B0D3550246E6C1600E790DD /* AppDelegate.swift */,
				7B0D3554246E6C1600E790DD /* ViewController.swift */,
				7B0D3556246E6C1600E790DD /* Main.storyboard */,
				7B0D3559246E6C1A00E790DD /* Assets.xcassets */,
				7B0D355B246E6C1A00E790DD /* LaunchScreen.storyboard */,
				7B0D355E246E6C1A00E790DD /* Info.plist */,
			);
			path = DimanApp;
			sourceTree = "<group>";
		};
		7B0D3566246E6C1A00E790DD /* DimanAppTests */ = {
			isa = PBXGroup;
			children = (
				7B0D3567246E6C1A00E790DD /* DimanAppTests.swift */,
				7B0D3569246E6C1A00E790DD /* Info.plist */,
			);
			path = DimanAppTests;
			sourceTree = "<group>";
		};
/* End PBXGroup section */

/* Begin PBXNativeTarget section */
		7B0D354C246E6C1600E790DD /* DimanApp */ = {
			isa = PBXNativeTarget;
			buildConfigurationList = 7B0D356C246E6C1A00E790DD /* Build configuration list for PBXNativeTarget "DimanApp" */;
			buildPhases = (
				7B0D3549246E6C1600E790DD /* Sources */,
				7B0D354A246E6C1600E790DD /* Frameworks */,
				7B0D354B246E6C1600E790DD /* Resources */,
			);
			buildRules = (
			);
			dependencies = (
			);
			name = DimanApp;
			productName = DimanApp;
			productReference = 7B0D354D246E6C1600E790DD /* DimanApp.app */;
			productType = "com.apple.product-type.application";
		};
		7B0D3562246E6C1A00E790DD /* DimanAppTests */ = {
			isa = PBXNativeTarget;
			buildConfigurationList = 7B0D356F246E6C1A00E790DD /* Build configuration list for PBXNativeTarget "DimanAppTests" */;
			buildPhases = (
				7B0D355F246E6C1A00E790DD /* Sources */,
				7B0D3560246E6C1A00E790DD /* Frameworks */,
				7B0D3561246E6C1A00E790DD /* Resources */,
			);
			buildRules = (
			);
			dependencies = (
				7B0D3565246E6C1A00E790DD /* PBXTargetDependency */,
			);
			name = DimanAppTests;
			productName = DimanAppTests;
			productReference = 7B0D3563246E6C1A00E790DD /* DimanAppTests.xctest */;
			productType = "com.apple.product-type.bundle.unit-test";
		};
/* End PBXNativeTarget section */

/* Begin PBXProject section */
		7B0D3545246E6C1600E790DD /* Project object */ = {
			isa = PBXProject;
			attributes = {
				LastSwiftUpdateCheck = 1140;
				LastUpgradeCheck = 1140;
				ORGANIZATIONNAME = askar.ulubayev;
				TargetAttributes = {
					7B0D354C246E6C1600E790DD = {
						CreatedOnToolsVersion = 11.4.1;
					};
					7B0D3562246E6C1A00E790DD = {
						CreatedOnToolsVersion = 11.4.1;
						TestTargetID = 7B0D354C246E6C1600E790DD;
					};
				};
			};
			buildConfigurationList = 7B0D3548246E6C1600E790DD /* Build configuration list for PBXProject "DimanApp" */;
			compatibilityVersion = "Xcode 9.3";
			developmentRegion = en;
			hasScannedForEncodings = 0;
			knownRegions = (
				en,
				Base,
			);
			mainGroup = 7B0D3544246E6C1600E790DD;
			productRefGroup = 7B0D354E246E6C1600E790DD /* Products */;
			projectDirPath = "";
			projectRoot = "";
			targets = (
				7B0D354C246E6C1600E790DD /* DimanApp */,
				7B0D3562246E6C1A00E790DD /* DimanAppTests */,
			);
		};
/* End PBXProject section */

/* Begin PBXResourcesBuildPhase section */
		7B0D354B246E6C1600E790DD /* Resources */ = {
			isa = PBXResourcesBuildPhase;
			buildActionMask = 2147483647;
			files = (
				7B0D355D246E6C1A00E790DD /* LaunchScreen.storyboard in Resources */,
				7B0D355A246E6C1A00E790DD /* Assets.xcassets in Resources */,
				7B0D3573246E713700E790DD /* bumer_dimon.mp3 in Resources */,
				7B0D3558246E6C1600E790DD /* Main.storyboard in Resources */,
			);
			runOnlyForDeploymentPostprocessing = 0;
		};
		7B0D3561246E6C1A00E790DD /* Resources */ = {
			isa = PBXResourcesBuildPhase;
			buildActionMask = 2147483647;
			files = (
			);
			runOnlyForDeploymentPostprocessing = 0;
		};
/* End PBXResourcesBuildPhase section */

/* Begin PBXSourcesBuildPhase section */
		7B0D3549246E6C1600E790DD /* Sources */ = {
			isa = PBXSourcesBuildPhase;
			buildActionMask = 2147483647;
			files = (
				7B0D3555246E6C1600E790DD /* ViewController.swift in Sources */,
				7B0D3551246E6C1600E790DD /* AppDelegate.swift in Sources */,
			);
			runOnlyForDeploymentPostprocessing = 0;
		};
		7B0D355F246E6C1A00E790DD /* Sources */ = {
			isa = PBXSourcesBuildPhase;
			buildActionMask = 2147483647;
			files = (
				7B0D3568246E6C1A00E790DD /* DimanAppTests.swift in Sources */,
			);
			runOnlyForDeploymentPostprocessing = 0;
		};
/* End PBXSourcesBuildPhase section */

/* Begin PBXTargetDependency section */
		7B0D3565246E6C1A00E790DD /* PBXTargetDependency */ = {
			isa = PBXTargetDependency;
			target = 7B0D354C246E6C1600E790DD /* DimanApp */;
			targetProxy = 7B0D3564246E6C1A00E790DD /* PBXContainerItemProxy */;
		};
/* End PBXTargetDependency section */

/* Begin PBXVariantGroup section */
		7B0D3556246E6C1600E790DD /* Main.storyboard */ = {
			isa = PBXVariantGroup;
			children = (
				7B0D3557246E6C1600E790DD /* Base */,
			);
			name = Main.storyboard;
			sourceTree = "<group>";
		};
		7B0D355B246E6C1A00E790DD /* LaunchScreen.storyboard */ = {
			isa = PBXVariantGroup;
			children = (
				7B0D355C246E6C1A00E790DD /* Base */,
			);
			name = LaunchScreen.storyboard;
			sourceTree = "<group>";
		};
/* End PBXVariantGroup section */

/* Begin XCBuildConfiguration section */
		7B0D356A246E6C1A00E790DD /* Debug */ = {
			isa = XCBuildConfiguration;
			buildSettings = {
				ALWAYS_SEARCH_USER_PATHS = NO;
				CLANG_ANALYZER_NONNULL = YES;
				CLANG_ANALYZER_NUMBER_OBJECT_CONVERSION = YES_AGGRESSIVE;
				CLANG_CXX_LANGUAGE_STANDARD = "gnu++14";
				CLANG_CXX_LIBRARY = "libc++";
				CLANG_ENABLE_MODULES = YES;
				CLANG_ENABLE_OBJC_ARC = YES;
				CLANG_ENABLE_OBJC_WEAK = YES;
				CLANG_WARN_BLOCK_CAPTURE_AUTORELEASING = YES;
				CLANG_WARN_BOOL_CONVERSION = YES;
				CLANG_WARN_COMMA = YES;
				CLANG_WARN_CONSTANT_CONVERSION = YES;
				CLANG_WARN_DEPRECATED_OBJC_IMPLEMENTATIONS = YES;
				CLANG_WARN_DIRECT_OBJC_ISA_USAGE = YES_ERROR;
				CLANG_WARN_DOCUMENTATION_COMMENTS = YES;
				CLANG_WARN_EMPTY_BODY = YES;
				CLANG_WARN_ENUM_CONVERSION = YES;
				CLANG_WARN_INFINITE_RECURSION = YES;
				CLANG_WARN_INT_CONVERSION = YES;
				CLANG_WARN_NON_LITERAL_NULL_CONVERSION = YES;
				CLANG_WARN_OBJC_IMPLICIT_RETAIN_SELF = YES;
				CLANG_WARN_OBJC_LITERAL_CONVERSION = YES;
				CLANG_WARN_OBJC_ROOT_CLASS = YES_ERROR;
				CLANG_WARN_RANGE_LOOP_ANALYSIS = YES;
				CLANG_WARN_STRICT_PROTOTYPES = YES;
				CLANG_WARN_SUSPICIOUS_MOVE = YES;
				CLANG_WARN_UNGUARDED_AVAILABILITY = YES_AGGRESSIVE;
				CLANG_WARN_UNREACHABLE_CODE = YES;
				CLANG_WARN__DUPLICATE_METHOD_MATCH = YES;
				COPY_PHASE_STRIP = NO;
				DEBUG_INFORMATION_FORMAT = dwarf;
				ENABLE_STRICT_OBJC_MSGSEND = YES;
				ENABLE_TESTABILITY = YES;
				GCC_C_LANGUAGE_STANDARD = gnu11;
				GCC_DYNAMIC_NO_PIC = NO;
				GCC_NO_COMMON_BLOCKS = YES;
				GCC_OPTIMIZATION_LEVEL = 0;
				GCC_PREPROCESSOR_DEFINITIONS = (
					"DEBUG=1",
					"$(inherited)",
				);
				GCC_WARN_64_TO_32_BIT_CONVERSION = YES;
				GCC_WARN_ABOUT_RETURN_TYPE = YES_ERROR;
				GCC_WARN_UNDECLARED_SELECTOR = YES;
				GCC_WARN_UNINITIALIZED_AUTOS = YES_AGGRESSIVE;
				GCC_WARN_UNUSED_FUNCTION = YES;
				GCC_WARN_UNUSED_VARIABLE = YES;
				IPHONEOS_DEPLOYMENT_TARGET = 13.4;
				MTL_ENABLE_DEBUG_INFO = INCLUDE_SOURCE;
				MTL_FAST_MATH = YES;
				ONLY_ACTIVE_ARCH = YES;
				SDKROOT = iphoneos;
				SWIFT_ACTIVE_COMPILATION_CONDITIONS = DEBUG;
				SWIFT_OPTIMIZATION_LEVEL = "-Onone";
			};
			name = Debug;
		};
		7B0D356B246E6C1A00E790DD /* Release */ = {
			isa = XCBuildConfiguration;
			buildSettings = {
				ALWAYS_SEARCH_USER_PATHS = NO;
				CLANG_ANALYZER_NONNULL = YES;
				CLANG_ANALYZER_NUMBER_OBJECT_CONVERSION = YES_AGGRESSIVE;
				CLANG_CXX_LANGUAGE_STANDARD = "gnu++14";
				CLANG_CXX_LIBRARY = "libc++";
				CLANG_ENABLE_MODULES = YES;
				CLANG_ENABLE_OBJC_ARC = YES;
				CLANG_ENABLE_OBJC_WEAK = YES;
				CLANG_WARN_BLOCK_CAPTURE_AUTORELEASING = YES;
				CLANG_WARN_BOOL_CONVERSION = YES;
				CLANG_WARN_COMMA = YES;
				CLANG_WARN_CONSTANT_CONVERSION = YES;
				CLANG_WARN_DEPRECATED_OBJC_IMPLEMENTATIONS = YES;
				CLANG_WARN_DIRECT_OBJC_ISA_USAGE = YES_ERROR;
				CLANG_WARN_DOCUMENTATION_COMMENTS = YES;
				CLANG_WARN_EMPTY_BODY = YES;
				CLANG_WARN_ENUM_CONVERSION = YES;
				CLANG_WARN_INFINITE_RECURSION = YES;
				CLANG_WARN_INT_CONVERSION = YES;
				CLANG_WARN_NON_LITERAL_NULL_CONVERSION = YES;
				CLANG_WARN_OBJC_IMPLICIT_RETAIN_SELF = YES;
				CLANG_WARN_OBJC_LITERAL_CONVERSION = YES;
				CLANG_WARN_OBJC_ROOT_CLASS = YES_ERROR;
				CLANG_WARN_RANGE_LOOP_ANALYSIS = YES;
				CLANG_WARN_STRICT_PROTOTYPES = YES;
				CLANG_WARN_SUSPICIOUS_MOVE = YES;
				CLANG_WARN_UNGUARDED_AVAILABILITY = YES_AGGRESSIVE;
				CLANG_WARN_UNREACHABLE_CODE = YES;
				CLANG_WARN__DUPLICATE_METHOD_MATCH = YES;
				COPY_PHASE_STRIP = NO;
				DEBUG_INFORMATION_FORMAT = "dwarf-with-dsym";
				ENABLE_NS_ASSERTIONS = NO;
				ENABLE_STRICT_OBJC_MSGSEND = YES;
				GCC_C_LANGUAGE_STANDARD = gnu11;
				GCC_NO_COMMON_BLOCKS = YES;
				GCC_WARN_64_TO_32_BIT_CONVERSION = YES;
				GCC_WARN_ABOUT_RETURN_TYPE = YES_ERROR;
				GCC_WARN_UNDECLARED_SELECTOR = YES;
				GCC_WARN_UNINITIALIZED_AUTOS = YES_AGGRESSIVE;
				GCC_WARN_UNUSED_FUNCTION = YES;
				GCC_WARN_UNUSED_VARIABLE = YES;
				IPHONEOS_DEPLOYMENT_TARGET = 13.4;
				MTL_ENABLE_DEBUG_INFO = NO;
				MTL_FAST_MATH = YES;
				SDKROOT = iphoneos;
				SWIFT_COMPILATION_MODE = wholemodule;
				SWIFT_OPTIMIZATION_LEVEL = "-O";
				VALIDATE_PRODUCT = YES;
			};
			name = Release;
		};
		7B0D356D246E6C1A00E790DD /* Debug */ = {
			isa = XCBuildConfiguration;
			buildSettings = {
				ASSETCATALOG_COMPILER_APPICON_NAME = AppIcon;
				CODE_SIGN_STYLE = Automatic;
				DEVELOPMENT_TEAM = MY827B5QS8;
				INFOPLIST_FILE = DimanApp/Info.plist;
				LD_RUNPATH_SEARCH_PATHS = (
					"$(inherited)",
					"@executable_path/Frameworks",
				);
				PRODUCT_BUNDLE_IDENTIFIER = askar.ulubayev.DimanApp;
				PRODUCT_NAME = "$(TARGET_NAME)";
				SWIFT_VERSION = 5.0;
				TARGETED_DEVICE_FAMILY = "1,2";
			};
			name = Debug;
		};
		7B0D356E246E6C1A00E790DD /* Release */ = {
			isa = XCBuildConfiguration;
			buildSettings = {
				ASSETCATALOG_COMPILER_APPICON_NAME = AppIcon;
				CODE_SIGN_STYLE = Automatic;
				DEVELOPMENT_TEAM = MY827B5QS8;
				INFOPLIST_FILE = DimanApp/Info.plist;
				LD_RUNPATH_SEARCH_PATHS = (
					"$(inherited)",
					"@executable_path/Frameworks",
				);
				PRODUCT_BUNDLE_IDENTIFIER = askar.ulubayev.DimanApp;
				PRODUCT_NAME = "$(TARGET_NAME)";
				SWIFT_VERSION = 5.0;
				TARGETED_DEVICE_FAMILY = "1,2";
			};
			name = Release;
		};
		7B0D3570246E6C1A00E790DD /* Debug */ = {
			isa = XCBuildConfiguration;
			buildSettings = {
				ALWAYS_EMBED_SWIFT_STANDARD_LIBRARIES = YES;
				BUNDLE_LOADER = "$(TEST_HOST)";
				CODE_SIGN_STYLE = Automatic;
				DEVELOPMENT_TEAM = MY827B5QS8;
				INFOPLIST_FILE = DimanAppTests/Info.plist;
				IPHONEOS_DEPLOYMENT_TARGET = 13.4;
				LD_RUNPATH_SEARCH_PATHS = (
					"$(inherited)",
					"@executable_path/Frameworks",
					"@loader_path/Frameworks",
				);
				PRODUCT_BUNDLE_IDENTIFIER = askar.ulubayev.DimanAppTests;
				PRODUCT_NAME = "$(TARGET_NAME)";
				SWIFT_VERSION = 5.0;
				TARGETED_DEVICE_FAMILY = "1,2";
				TEST_HOST = "$(BUILT_PRODUCTS_DIR)/DimanApp.app/DimanApp";
			};
			name = Debug;
		};
		7B0D3571246E6C1A00E790DD /* Release */ = {
			isa = XCBuildConfiguration;
			buildSettings = {
				ALWAYS_EMBED_SWIFT_STANDARD_LIBRARIES = YES;
				BUNDLE_LOADER = "$(TEST_HOST)";
				CODE_SIGN_STYLE = Automatic;
				DEVELOPMENT_TEAM = MY827B5QS8;
				INFOPLIST_FILE = DimanAppTests/Info.plist;
				IPHONEOS_DEPLOYMENT_TARGET = 13.4;
				LD_RUNPATH_SEARCH_PATHS = (
					"$(inherited)",
					"@executable_path/Frameworks",
					"@loader_path/Frameworks",
				);
				PRODUCT_BUNDLE_IDENTIFIER = askar.ulubayev.DimanAppTests;
				PRODUCT_NAME = "$(TARGET_NAME)";
				SWIFT_VERSION = 5.0;
				TARGETED_DEVICE_FAMILY = "1,2";
				TEST_HOST = "$(BUILT_PRODUCTS_DIR)/DimanApp.app/DimanApp";
			};
			name = Release;
		};
/* End XCBuildConfiguration section */

/* Begin XCConfigurationList section */
		7B0D3548246E6C1600E790DD /* Build configuration list for PBXProject "DimanApp" */ = {
			isa = XCConfigurationList;
			buildConfigurations = (
				7B0D356A246E6C1A00E790DD /* Debug */,
				7B0D356B246E6C1A00E790DD /* Release */,
			);
			defaultConfigurationIsVisible = 0;
			defaultConfigurationName = Release;
		};
		7B0D356C246E6C1A00E790DD /* Build configuration list for PBXNativeTarget "DimanApp" */ = {
			isa = XCConfigurationList;
			buildConfigurations = (
				7B0D356D246E6C1A00E790DD /* Debug */,
				7B0D356E246E6C1A00E790DD /* Release */,
			);
			defaultConfigurationIsVisible = 0;
			defaultConfigurationName = Release;
		};
		7B0D356F246E6C1A00E790DD /* Build configuration list for PBXNativeTarget "DimanAppTests" */ = {
			isa = XCConfigurationList;
			buildConfigurations = (
				7B0D3570246E6C1A00E790DD /* Debug */,
				7B0D3571246E6C1A00E790DD /* Release */,
			);
			defaultConfigurationIsVisible = 0;
			defaultConfigurationName = Release;
		};
/* End XCConfigurationList section */
	};
	rootObject = 7B0D3545246E6C1600E790DD /* Project object */;
}
